
Microsoft Visual Studio Solution File, Format Version 12.00
# Visual Studio Version 17
VisualStudioVersion = 17.4.33213.308
MinimumVisualStudioVersion = 10.0.40219.1
Project("{FAE04EC0-301F-11D3-BF4B-00C04F79EFBC}") = "AppExercicios02", "AppExercicios02.csproj", "{8065014F-E0F9-4A2A-A8DB-93B0BE22101D}"
EndProject
Global
	GlobalSection(SolutionConfigurationPlatforms) = preSolution
		Debug|Any CPU = Debug|Any CPU
		Release|Any CPU = Release|Any CPU
	EndGlobalSection
	GlobalSection(ProjectConfigurationPlatforms) = postSolution
		{8065014F-E0F9-4A2A-A8DB-93B0BE22101D}.Debug|Any CPU.ActiveCfg = Debug|Any CPU
		{8065014F-E0F9-4A2A-A8DB-93B0BE22101D}.Debug|Any CPU.Build.0 = Debug|Any CPU
		{8065014F-E0F9-4A2A-A8DB-93B0BE22101D}.Release|Any CPU.ActiveCfg = Release|Any CPU
		{8065014F-E0F9-4A2A-A8DB-93B0BE22101D}.Release|Any CPU.Build.0 = Release|Any CPU
	EndGlobalSection
	GlobalSection(SolutionProperties) = preSolution
		HideSolutionNode = FALSE
	EndGlobalSection
	GlobalSection(ExtensibilityGlobals) = postSolution
		SolutionGuid = {A8DDCE7C-88C5-4C4E-B1A1-2BD40A658E3D}
	EndGlobalSection
EndGlobal
